
Microsoft Visual Studio Solution File, Format Version 12.00
# Visual Studio Version 16
VisualStudioVersion = 16.0.29009.5
MinimumVisualStudioVersion = 10.0.40219.1
Project("{FAE04EC0-301F-11D3-BF4B-00C04F79EFBC}") = "IUUQ", "IUUQ.csproj", "{C6AD7BF1-16EE-4D37-9CD4-79AD0EA3A4E5}"
EndProject
Global
	GlobalSection(SolutionConfigurationPlatforms) = preSolution
		Debug|Any CPU = Debug|Any CPU
		Release|Any CPU = Release|Any CPU
	EndGlobalSection
	GlobalSection(ProjectConfigurationPlatforms) = postSolution
		{C6AD7BF1-16EE-4D37-9CD4-79AD0EA3A4E5}.Debug|Any CPU.ActiveCfg = Debug|Any CPU
		{C6AD7BF1-16EE-4D37-9CD4-79AD0EA3A4E5}.Debug|Any CPU.Build.0 = Debug|Any CPU
		{C6AD7BF1-16EE-4D37-9CD4-79AD0EA3A4E5}.Release|Any CPU.ActiveCfg = Release|Any CPU
		{C6AD7BF1-16EE-4D37-9CD4-79AD0EA3A4E5}.Release|Any CPU.Build.0 = Release|Any CPU
	EndGlobalSection
	GlobalSection(SolutionProperties) = preSolution
		HideSolutionNode = FALSE
	EndGlobalSection
	GlobalSection(ExtensibilityGlobals) = postSolution
		SolutionGuid = {E50CDC04-1FA2-460C-80D9-00E8C3F855A0}
	EndGlobalSection
EndGlobal
