
Microsoft Visual Studio Solution File, Format Version 12.00
# Visual Studio Version 17
VisualStudioVersion = 17.3.32922.545
MinimumVisualStudioVersion = 10.0.40219.1
Project("{FAE04EC0-301F-11D3-BF4B-00C04F79EFBC}") = "EGBI", "EGBI.csproj", "{F787D8BC-2E8E-4750-B9DD-6E8BE9A3DAFB}"
EndProject
Global
	GlobalSection(SolutionConfigurationPlatforms) = preSolution
		Debug|Any CPU = Debug|Any CPU
		Release|Any CPU = Release|Any CPU
	EndGlobalSection
	GlobalSection(ProjectConfigurationPlatforms) = postSolution
		{F787D8BC-2E8E-4750-B9DD-6E8BE9A3DAFB}.Debug|Any CPU.ActiveCfg = Debug|Any CPU
		{F787D8BC-2E8E-4750-B9DD-6E8BE9A3DAFB}.Debug|Any CPU.Build.0 = Debug|Any CPU
		{F787D8BC-2E8E-4750-B9DD-6E8BE9A3DAFB}.Release|Any CPU.ActiveCfg = Release|Any CPU
		{F787D8BC-2E8E-4750-B9DD-6E8BE9A3DAFB}.Release|Any CPU.Build.0 = Release|Any CPU
	EndGlobalSection
	GlobalSection(SolutionProperties) = preSolution
		HideSolutionNode = FALSE
	EndGlobalSection
	GlobalSection(ExtensibilityGlobals) = postSolution
		SolutionGuid = {6E8ED32C-2479-4053-A78E-73419A3E53D4}
	EndGlobalSection
EndGlobal
