
Microsoft Visual Studio Solution File, Format Version 12.00
# Visual Studio Version 17
VisualStudioVersion = 17.9.34701.34
MinimumVisualStudioVersion = 10.0.40219.1
Project("{9A19103F-16F7-4668-BE54-9A1E7A4F7556}") = "LZWD", "LZWD.csproj", "{09229A34-DB2D-4648-BF21-7CF910A645B9}"
EndProject
Global
	GlobalSection(SolutionConfigurationPlatforms) = preSolution
		Debug|Any CPU = Debug|Any CPU
		Release|Any CPU = Release|Any CPU
	EndGlobalSection
	GlobalSection(ProjectConfigurationPlatforms) = postSolution
		{09229A34-DB2D-4648-BF21-7CF910A645B9}.Debug|Any CPU.ActiveCfg = Debug|Any CPU
		{09229A34-DB2D-4648-BF21-7CF910A645B9}.Debug|Any CPU.Build.0 = Debug|Any CPU
		{09229A34-DB2D-4648-BF21-7CF910A645B9}.Debug|Any CPU.Deploy.0 = Debug|Any CPU
		{09229A34-DB2D-4648-BF21-7CF910A645B9}.Release|Any CPU.ActiveCfg = Release|Any CPU
		{09229A34-DB2D-4648-BF21-7CF910A645B9}.Release|Any CPU.Build.0 = Release|Any CPU
		{09229A34-DB2D-4648-BF21-7CF910A645B9}.Release|Any CPU.Deploy.0 = Release|Any CPU
	EndGlobalSection
	GlobalSection(SolutionProperties) = preSolution
		HideSolutionNode = FALSE
	EndGlobalSection
	GlobalSection(ExtensibilityGlobals) = postSolution
		SolutionGuid = {A79CA086-2AFC-43EB-BAF8-4C44BA84F390}
	EndGlobalSection
EndGlobal
