
Microsoft Visual Studio Solution File, Format Version 12.00
# Visual Studio Version 16
VisualStudioVersion = 16.0.29123.88
MinimumVisualStudioVersion = 10.0.40219.1
Project("{FAE04EC0-301F-11D3-BF4B-00C04F79EFBC}") = "BRMM", "BRMM.csproj", "{836D66CC-0E19-4A7E-9E47-14C0A14BE2D5}"
EndProject
Global
	GlobalSection(SolutionConfigurationPlatforms) = preSolution
		Debug|Any CPU = Debug|Any CPU
		Release|Any CPU = Release|Any CPU
	EndGlobalSection
	GlobalSection(ProjectConfigurationPlatforms) = postSolution
		{836D66CC-0E19-4A7E-9E47-14C0A14BE2D5}.Debug|Any CPU.ActiveCfg = Debug|Any CPU
		{836D66CC-0E19-4A7E-9E47-14C0A14BE2D5}.Debug|Any CPU.Build.0 = Debug|Any CPU
		{836D66CC-0E19-4A7E-9E47-14C0A14BE2D5}.Release|Any CPU.ActiveCfg = Release|Any CPU
		{836D66CC-0E19-4A7E-9E47-14C0A14BE2D5}.Release|Any CPU.Build.0 = Release|Any CPU
	EndGlobalSection
	GlobalSection(SolutionProperties) = preSolution
		HideSolutionNode = FALSE
	EndGlobalSection
	GlobalSection(ExtensibilityGlobals) = postSolution
		SolutionGuid = {1DBD3AA2-41B4-4CD0-9EE1-6316F31A6583}
	EndGlobalSection
EndGlobal
