
Microsoft Visual Studio Solution File, Format Version 12.00
# Visual Studio Version 16
VisualStudioVersion = 16.0.29201.188
MinimumVisualStudioVersion = 10.0.40219.1
Project("{FAE04EC0-301F-11D3-BF4B-00C04F79EFBC}") = "RMXX", "RMXX.csproj", "{3633A91D-CA06-4B53-B49E-EA47C74CB42B}"
EndProject
Global
	GlobalSection(SolutionConfigurationPlatforms) = preSolution
		Debug|Any CPU = Debug|Any CPU
		Release|Any CPU = Release|Any CPU
	EndGlobalSection
	GlobalSection(ProjectConfigurationPlatforms) = postSolution
		{3633A91D-CA06-4B53-B49E-EA47C74CB42B}.Debug|Any CPU.ActiveCfg = Debug|Any CPU
		{3633A91D-CA06-4B53-B49E-EA47C74CB42B}.Debug|Any CPU.Build.0 = Debug|Any CPU
		{3633A91D-CA06-4B53-B49E-EA47C74CB42B}.Release|Any CPU.ActiveCfg = Release|Any CPU
		{3633A91D-CA06-4B53-B49E-EA47C74CB42B}.Release|Any CPU.Build.0 = Release|Any CPU
	EndGlobalSection
	GlobalSection(SolutionProperties) = preSolution
		HideSolutionNode = FALSE
	EndGlobalSection
	GlobalSection(ExtensibilityGlobals) = postSolution
		SolutionGuid = {507D0AE4-DB28-44FE-8D2E-BF12486FFA74}
	EndGlobalSection
EndGlobal

