
Microsoft Visual Studio Solution File, Format Version 12.00
# Visual Studio Version 16
VisualStudioVersion = 16.0.29411.108
MinimumVisualStudioVersion = 10.0.40219.1
Project("{FAE04EC0-301F-11D3-BF4B-00C04F79EFBC}") = "FETD", "FETD.csproj", "{2402E271-E993-46AB-A526-1AC516592B7C}"
EndProject
Project("{FAE04EC0-301F-11D3-BF4B-00C04F79EFBC}") = "FETDWeb", "FETDWeb\FETDWeb.csproj", "{D6045BE5-E3E9-4D14-B8FA-A37D13DF6C59}"
EndProject
Global
	GlobalSection(SolutionConfigurationPlatforms) = preSolution
		Debug|Any CPU = Debug|Any CPU
		Release|Any CPU = Release|Any CPU
	EndGlobalSection
	GlobalSection(ProjectConfigurationPlatforms) = postSolution
		{2402E271-E993-46AB-A526-1AC516592B7C}.Debug|Any CPU.ActiveCfg = Debug|Any CPU
		{2402E271-E993-46AB-A526-1AC516592B7C}.Debug|Any CPU.Build.0 = Debug|Any CPU
		{2402E271-E993-46AB-A526-1AC516592B7C}.Debug|Any CPU.Deploy.0 = Debug|Any CPU
		{2402E271-E993-46AB-A526-1AC516592B7C}.Release|Any CPU.ActiveCfg = Release|Any CPU
		{2402E271-E993-46AB-A526-1AC516592B7C}.Release|Any CPU.Build.0 = Release|Any CPU
		{2402E271-E993-46AB-A526-1AC516592B7C}.Release|Any CPU.Deploy.0 = Release|Any CPU
		{D6045BE5-E3E9-4D14-B8FA-A37D13DF6C59}.Debug|Any CPU.ActiveCfg = Debug|Any CPU
		{D6045BE5-E3E9-4D14-B8FA-A37D13DF6C59}.Debug|Any CPU.Build.0 = Debug|Any CPU
		{D6045BE5-E3E9-4D14-B8FA-A37D13DF6C59}.Release|Any CPU.ActiveCfg = Release|Any CPU
		{D6045BE5-E3E9-4D14-B8FA-A37D13DF6C59}.Release|Any CPU.Build.0 = Release|Any CPU
	EndGlobalSection
	GlobalSection(SolutionProperties) = preSolution
		HideSolutionNode = FALSE
	EndGlobalSection
	GlobalSection(ExtensibilityGlobals) = postSolution
		SolutionGuid = {1D7C0337-C3D7-46F1-A34C-1481091E5C51}
	EndGlobalSection
EndGlobal

