
Microsoft Visual Studio Solution File, Format Version 12.00
# Visual Studio Version 16
VisualStudioVersion = 16.0.29201.188
MinimumVisualStudioVersion = 10.0.40219.1
Project("{FAE04EC0-301F-11D3-BF4B-00C04F79EFBC}") = "IANF", "IANF.csproj", "{43EB56ED-93D8-475E-9894-27B38FFA9AE6}"
EndProject
Project("{FAE04EC0-301F-11D3-BF4B-00C04F79EFBC}") = "IANFWeb", "IANFWeb\IANFWeb.csproj", "{58EB9866-A930-4826-928C-9D6C3B0A924A}"
EndProject
Global
	GlobalSection(SolutionConfigurationPlatforms) = preSolution
		Debug|Any CPU = Debug|Any CPU
		Release|Any CPU = Release|Any CPU
	EndGlobalSection
	GlobalSection(ProjectConfigurationPlatforms) = postSolution
		{43EB56ED-93D8-475E-9894-27B38FFA9AE6}.Debug|Any CPU.ActiveCfg = Debug|Any CPU
		{43EB56ED-93D8-475E-9894-27B38FFA9AE6}.Debug|Any CPU.Build.0 = Debug|Any CPU
		{43EB56ED-93D8-475E-9894-27B38FFA9AE6}.Debug|Any CPU.Deploy.0 = Debug|Any CPU
		{43EB56ED-93D8-475E-9894-27B38FFA9AE6}.Release|Any CPU.ActiveCfg = Release|Any CPU
		{43EB56ED-93D8-475E-9894-27B38FFA9AE6}.Release|Any CPU.Build.0 = Release|Any CPU
		{43EB56ED-93D8-475E-9894-27B38FFA9AE6}.Release|Any CPU.Deploy.0 = Release|Any CPU
		{58EB9866-A930-4826-928C-9D6C3B0A924A}.Debug|Any CPU.ActiveCfg = Debug|Any CPU
		{58EB9866-A930-4826-928C-9D6C3B0A924A}.Debug|Any CPU.Build.0 = Debug|Any CPU
		{58EB9866-A930-4826-928C-9D6C3B0A924A}.Release|Any CPU.ActiveCfg = Release|Any CPU
		{58EB9866-A930-4826-928C-9D6C3B0A924A}.Release|Any CPU.Build.0 = Release|Any CPU
	EndGlobalSection
	GlobalSection(SolutionProperties) = preSolution
		HideSolutionNode = FALSE
	EndGlobalSection
	GlobalSection(ExtensibilityGlobals) = postSolution
		SolutionGuid = {D8A37275-F48C-4095-9441-59F5E5106578}
	EndGlobalSection
EndGlobal

