
Microsoft Visual Studio Solution File, Format Version 12.00
# Visual Studio Version 16
VisualStudioVersion = 16.0.29411.108
MinimumVisualStudioVersion = 10.0.40219.1
Project("{FAE04EC0-301F-11D3-BF4B-00C04F79EFBC}") = "LPPB", "LPPB.csproj", "{BE9C8035-5998-44C4-A4FE-CDF8F2000EDC}"
EndProject
Project("{FAE04EC0-301F-11D3-BF4B-00C04F79EFBC}") = "LPPBWeb", "LPPBWeb\LPPBWeb.csproj", "{3ABC2CE8-CB95-49F5-A134-A8F9501F760D}"
EndProject
Global
	GlobalSection(SolutionConfigurationPlatforms) = preSolution
		Debug|Any CPU = Debug|Any CPU
		Release|Any CPU = Release|Any CPU
	EndGlobalSection
	GlobalSection(ProjectConfigurationPlatforms) = postSolution
		{BE9C8035-5998-44C4-A4FE-CDF8F2000EDC}.Debug|Any CPU.ActiveCfg = Debug|Any CPU
		{BE9C8035-5998-44C4-A4FE-CDF8F2000EDC}.Debug|Any CPU.Build.0 = Debug|Any CPU
		{BE9C8035-5998-44C4-A4FE-CDF8F2000EDC}.Debug|Any CPU.Deploy.0 = Debug|Any CPU
		{BE9C8035-5998-44C4-A4FE-CDF8F2000EDC}.Release|Any CPU.ActiveCfg = Release|Any CPU
		{BE9C8035-5998-44C4-A4FE-CDF8F2000EDC}.Release|Any CPU.Build.0 = Release|Any CPU
		{BE9C8035-5998-44C4-A4FE-CDF8F2000EDC}.Release|Any CPU.Deploy.0 = Release|Any CPU
		{3ABC2CE8-CB95-49F5-A134-A8F9501F760D}.Debug|Any CPU.ActiveCfg = Debug|Any CPU
		{3ABC2CE8-CB95-49F5-A134-A8F9501F760D}.Debug|Any CPU.Build.0 = Debug|Any CPU
		{3ABC2CE8-CB95-49F5-A134-A8F9501F760D}.Release|Any CPU.ActiveCfg = Release|Any CPU
		{3ABC2CE8-CB95-49F5-A134-A8F9501F760D}.Release|Any CPU.Build.0 = Release|Any CPU
	EndGlobalSection
	GlobalSection(SolutionProperties) = preSolution
		HideSolutionNode = FALSE
	EndGlobalSection
	GlobalSection(ExtensibilityGlobals) = postSolution
		SolutionGuid = {1BD10164-2B12-4D1E-A724-433738815033}
	EndGlobalSection
EndGlobal

