
Microsoft Visual Studio Solution File, Format Version 12.00
# Visual Studio Version 16
VisualStudioVersion = 16.0.29009.5
MinimumVisualStudioVersion = 10.0.40219.1
Project("{FAE04EC0-301F-11D3-BF4B-00C04F79EFBC}") = "DWBW", "DWBW.csproj", "{A81ED9F9-4A90-406D-A129-EEDA19316FC4}"
EndProject
Global
	GlobalSection(SolutionConfigurationPlatforms) = preSolution
		Debug|Any CPU = Debug|Any CPU
		Release|Any CPU = Release|Any CPU
	EndGlobalSection
	GlobalSection(ProjectConfigurationPlatforms) = postSolution
		{A81ED9F9-4A90-406D-A129-EEDA19316FC4}.Debug|Any CPU.ActiveCfg = Debug|Any CPU
		{A81ED9F9-4A90-406D-A129-EEDA19316FC4}.Debug|Any CPU.Build.0 = Debug|Any CPU
		{A81ED9F9-4A90-406D-A129-EEDA19316FC4}.Release|Any CPU.ActiveCfg = Release|Any CPU
		{A81ED9F9-4A90-406D-A129-EEDA19316FC4}.Release|Any CPU.Build.0 = Release|Any CPU
	EndGlobalSection
	GlobalSection(SolutionProperties) = preSolution
		HideSolutionNode = FALSE
	EndGlobalSection
	GlobalSection(ExtensibilityGlobals) = postSolution
		SolutionGuid = {0E9ADDD8-0466-4A27-9B01-27F16C8835B6}
	EndGlobalSection
EndGlobal
