
Microsoft Visual Studio Solution File, Format Version 12.00
# Visual Studio Version 16
VisualStudioVersion = 16.0.29509.3
MinimumVisualStudioVersion = 10.0.40219.1
Project("{FAE04EC0-301F-11D3-BF4B-00C04F79EFBC}") = "KKJA", "KKJA.csproj", "{8D9E1475-2FF6-45B8-8AAD-6D322234A3A2}"
EndProject
Global
	GlobalSection(SolutionConfigurationPlatforms) = preSolution
		Debug|Any CPU = Debug|Any CPU
		Release|Any CPU = Release|Any CPU
	EndGlobalSection
	GlobalSection(ProjectConfigurationPlatforms) = postSolution
		{8D9E1475-2FF6-45B8-8AAD-6D322234A3A2}.Debug|Any CPU.ActiveCfg = Debug|Any CPU
		{8D9E1475-2FF6-45B8-8AAD-6D322234A3A2}.Debug|Any CPU.Build.0 = Debug|Any CPU
		{8D9E1475-2FF6-45B8-8AAD-6D322234A3A2}.Release|Any CPU.ActiveCfg = Release|Any CPU
		{8D9E1475-2FF6-45B8-8AAD-6D322234A3A2}.Release|Any CPU.Build.0 = Release|Any CPU
	EndGlobalSection
	GlobalSection(SolutionProperties) = preSolution
		HideSolutionNode = FALSE
	EndGlobalSection
	GlobalSection(ExtensibilityGlobals) = postSolution
		SolutionGuid = {EF36FE68-0305-46A9-B4A4-F00F9C70100D}
	EndGlobalSection
EndGlobal
