
Microsoft Visual Studio Solution File, Format Version 12.00
# Visual Studio Version 17
VisualStudioVersion = 17.5.33414.496
MinimumVisualStudioVersion = 10.0.40219.1
Project("{FAE04EC0-301F-11D3-BF4B-00C04F79EFBC}") = "HCUR", "HCUR.csproj", "{9C0AF0E0-B4FA-4768-8613-154C6A27DFFB}"
EndProject
Global
	GlobalSection(SolutionConfigurationPlatforms) = preSolution
		Debug|Any CPU = Debug|Any CPU
		Release|Any CPU = Release|Any CPU
	EndGlobalSection
	GlobalSection(ProjectConfigurationPlatforms) = postSolution
		{9C0AF0E0-B4FA-4768-8613-154C6A27DFFB}.Debug|Any CPU.ActiveCfg = Debug|Any CPU
		{9C0AF0E0-B4FA-4768-8613-154C6A27DFFB}.Debug|Any CPU.Build.0 = Debug|Any CPU
		{9C0AF0E0-B4FA-4768-8613-154C6A27DFFB}.Release|Any CPU.ActiveCfg = Release|Any CPU
		{9C0AF0E0-B4FA-4768-8613-154C6A27DFFB}.Release|Any CPU.Build.0 = Release|Any CPU
	EndGlobalSection
	GlobalSection(SolutionProperties) = preSolution
		HideSolutionNode = FALSE
	EndGlobalSection
	GlobalSection(ExtensibilityGlobals) = postSolution
		SolutionGuid = {64E9F57A-E9E3-4FB4-88C8-D0B25699C67E}
	EndGlobalSection
EndGlobal
