
Microsoft Visual Studio Solution File, Format Version 12.00
# Visual Studio Version 16
VisualStudioVersion = 16.0.30204.135
MinimumVisualStudioVersion = 10.0.40219.1
Project("{FAE04EC0-301F-11D3-BF4B-00C04F79EFBC}") = "NZVT", "NZVT.csproj", "{9AC73596-88CF-46D0-8AF3-430327474631}"
EndProject
Global
	GlobalSection(SolutionConfigurationPlatforms) = preSolution
		Debug|Any CPU = Debug|Any CPU
		Release|Any CPU = Release|Any CPU
	EndGlobalSection
	GlobalSection(ProjectConfigurationPlatforms) = postSolution
		{9AC73596-88CF-46D0-8AF3-430327474631}.Debug|Any CPU.ActiveCfg = Debug|Any CPU
		{9AC73596-88CF-46D0-8AF3-430327474631}.Debug|Any CPU.Build.0 = Debug|Any CPU
		{9AC73596-88CF-46D0-8AF3-430327474631}.Release|Any CPU.ActiveCfg = Release|Any CPU
		{9AC73596-88CF-46D0-8AF3-430327474631}.Release|Any CPU.Build.0 = Release|Any CPU
	EndGlobalSection
	GlobalSection(SolutionProperties) = preSolution
		HideSolutionNode = FALSE
	EndGlobalSection
	GlobalSection(ExtensibilityGlobals) = postSolution
		SolutionGuid = {E6CD7CEF-CA54-4B9B-851D-61874E6EAC70}
	EndGlobalSection
EndGlobal
