
Microsoft Visual Studio Solution File, Format Version 12.00
# Visual Studio Version 16
VisualStudioVersion = 16.0.29123.88
MinimumVisualStudioVersion = 10.0.40219.1
Project("{FAE04EC0-301F-11D3-BF4B-00C04F79EFBC}") = "UQRD", "UQRD.csproj", "{51520CE7-D1A8-4333-B0B4-3FABAA5115B3}"
EndProject
Project("{FAE04EC0-301F-11D3-BF4B-00C04F79EFBC}") = "UQRDWeb", "UQRDWeb\UQRDWeb.csproj", "{990562BB-CF0C-42DA-A1C9-0C72BEC80252}"
EndProject
Global
	GlobalSection(SolutionConfigurationPlatforms) = preSolution
		Debug|Any CPU = Debug|Any CPU
		Release|Any CPU = Release|Any CPU
	EndGlobalSection
	GlobalSection(ProjectConfigurationPlatforms) = postSolution
		{51520CE7-D1A8-4333-B0B4-3FABAA5115B3}.Debug|Any CPU.ActiveCfg = Debug|Any CPU
		{51520CE7-D1A8-4333-B0B4-3FABAA5115B3}.Debug|Any CPU.Build.0 = Debug|Any CPU
		{51520CE7-D1A8-4333-B0B4-3FABAA5115B3}.Debug|Any CPU.Deploy.0 = Debug|Any CPU
		{51520CE7-D1A8-4333-B0B4-3FABAA5115B3}.Release|Any CPU.ActiveCfg = Release|Any CPU
		{51520CE7-D1A8-4333-B0B4-3FABAA5115B3}.Release|Any CPU.Build.0 = Release|Any CPU
		{51520CE7-D1A8-4333-B0B4-3FABAA5115B3}.Release|Any CPU.Deploy.0 = Release|Any CPU
		{990562BB-CF0C-42DA-A1C9-0C72BEC80252}.Debug|Any CPU.ActiveCfg = Debug|Any CPU
		{990562BB-CF0C-42DA-A1C9-0C72BEC80252}.Debug|Any CPU.Build.0 = Debug|Any CPU
		{990562BB-CF0C-42DA-A1C9-0C72BEC80252}.Release|Any CPU.ActiveCfg = Release|Any CPU
		{990562BB-CF0C-42DA-A1C9-0C72BEC80252}.Release|Any CPU.Build.0 = Release|Any CPU
	EndGlobalSection
	GlobalSection(SolutionProperties) = preSolution
		HideSolutionNode = FALSE
	EndGlobalSection
	GlobalSection(ExtensibilityGlobals) = postSolution
		SolutionGuid = {74ECAF3E-0285-486C-95F5-168379962C27}
	EndGlobalSection
EndGlobal

