
Microsoft Visual Studio Solution File, Format Version 12.00
# Visual Studio Version 17
VisualStudioVersion = 17.11.35327.3
MinimumVisualStudioVersion = 10.0.40219.1
Project("{FAE04EC0-301F-11D3-BF4B-00C04F79EFBC}") = "TRCO", "TRCO.csproj", "{B90C96E8-88BB-4139-AE9E-227D8BD0CAB9}"
EndProject
Global
	GlobalSection(SolutionConfigurationPlatforms) = preSolution
		Debug|Any CPU = Debug|Any CPU
		Release|Any CPU = Release|Any CPU
	EndGlobalSection
	GlobalSection(ProjectConfigurationPlatforms) = postSolution
		{B90C96E8-88BB-4139-AE9E-227D8BD0CAB9}.Debug|Any CPU.ActiveCfg = Debug|Any CPU
		{B90C96E8-88BB-4139-AE9E-227D8BD0CAB9}.Debug|Any CPU.Build.0 = Debug|Any CPU
		{B90C96E8-88BB-4139-AE9E-227D8BD0CAB9}.Release|Any CPU.ActiveCfg = Release|Any CPU
		{B90C96E8-88BB-4139-AE9E-227D8BD0CAB9}.Release|Any CPU.Build.0 = Release|Any CPU
	EndGlobalSection
	GlobalSection(SolutionProperties) = preSolution
		HideSolutionNode = FALSE
	EndGlobalSection
	GlobalSection(ExtensibilityGlobals) = postSolution
		SolutionGuid = {A73B2CD0-728B-44DE-B615-BDEC235DD423}
	EndGlobalSection
EndGlobal
