
Microsoft Visual Studio Solution File, Format Version 12.00
# Visual Studio Version 16
VisualStudioVersion = 16.0.30002.166
MinimumVisualStudioVersion = 10.0.40219.1
Project("{FAE04EC0-301F-11D3-BF4B-00C04F79EFBC}") = "XDHG", "XDHG.csproj", "{401F5CD9-6CDE-4A95-B500-E54EA307FA0E}"
EndProject
Global
	GlobalSection(SolutionConfigurationPlatforms) = preSolution
		Debug|Any CPU = Debug|Any CPU
		Release|Any CPU = Release|Any CPU
	EndGlobalSection
	GlobalSection(ProjectConfigurationPlatforms) = postSolution
		{401F5CD9-6CDE-4A95-B500-E54EA307FA0E}.Debug|Any CPU.ActiveCfg = Debug|Any CPU
		{401F5CD9-6CDE-4A95-B500-E54EA307FA0E}.Debug|Any CPU.Build.0 = Debug|Any CPU
		{401F5CD9-6CDE-4A95-B500-E54EA307FA0E}.Release|Any CPU.ActiveCfg = Release|Any CPU
		{401F5CD9-6CDE-4A95-B500-E54EA307FA0E}.Release|Any CPU.Build.0 = Release|Any CPU
	EndGlobalSection
	GlobalSection(SolutionProperties) = preSolution
		HideSolutionNode = FALSE
	EndGlobalSection
	GlobalSection(ExtensibilityGlobals) = postSolution
		SolutionGuid = {387BF687-0C77-450E-96F4-2D85961B5A14}
	EndGlobalSection
EndGlobal
