
Microsoft Visual Studio Solution File, Format Version 12.00
# Visual Studio Version 16
VisualStudioVersion = 16.0.29509.3
MinimumVisualStudioVersion = 10.0.40219.1
Project("{FAE04EC0-301F-11D3-BF4B-00C04F79EFBC}") = "JHCW", "JHCW.csproj", "{2156321B-CBCA-4279-BFBC-DC6B4DA30EB5}"
EndProject
Global
	GlobalSection(SolutionConfigurationPlatforms) = preSolution
		Debug|Any CPU = Debug|Any CPU
		Release|Any CPU = Release|Any CPU
	EndGlobalSection
	GlobalSection(ProjectConfigurationPlatforms) = postSolution
		{2156321B-CBCA-4279-BFBC-DC6B4DA30EB5}.Debug|Any CPU.ActiveCfg = Debug|Any CPU
		{2156321B-CBCA-4279-BFBC-DC6B4DA30EB5}.Debug|Any CPU.Build.0 = Debug|Any CPU
		{2156321B-CBCA-4279-BFBC-DC6B4DA30EB5}.Release|Any CPU.ActiveCfg = Release|Any CPU
		{2156321B-CBCA-4279-BFBC-DC6B4DA30EB5}.Release|Any CPU.Build.0 = Release|Any CPU
	EndGlobalSection
	GlobalSection(SolutionProperties) = preSolution
		HideSolutionNode = FALSE
	EndGlobalSection
	GlobalSection(ExtensibilityGlobals) = postSolution
		SolutionGuid = {5683879B-EC51-4356-B397-E58D5EDBD362}
	EndGlobalSection
EndGlobal
