
Microsoft Visual Studio Solution File, Format Version 12.00
# Visual Studio Version 16
VisualStudioVersion = 16.0.31410.357
MinimumVisualStudioVersion = 10.0.40219.1
Project("{9092AA53-FB77-4645-B42D-1CCCA6BD08BD}") = "QLDI", "QLDI.njsproj", "{7615CD00-6FAA-4D78-B9CB-8B78A56E6119}"
EndProject
Global
	GlobalSection(SolutionConfigurationPlatforms) = preSolution
		Debug|Any CPU = Debug|Any CPU
		Release|Any CPU = Release|Any CPU
	EndGlobalSection
	GlobalSection(ProjectConfigurationPlatforms) = postSolution
		{7615CD00-6FAA-4D78-B9CB-8B78A56E6119}.Debug|Any CPU.ActiveCfg = Debug|Any CPU
		{7615CD00-6FAA-4D78-B9CB-8B78A56E6119}.Debug|Any CPU.Build.0 = Debug|Any CPU
		{7615CD00-6FAA-4D78-B9CB-8B78A56E6119}.Release|Any CPU.ActiveCfg = Release|Any CPU
		{7615CD00-6FAA-4D78-B9CB-8B78A56E6119}.Release|Any CPU.Build.0 = Release|Any CPU
	EndGlobalSection
	GlobalSection(SolutionProperties) = preSolution
		HideSolutionNode = FALSE
	EndGlobalSection
	GlobalSection(ExtensibilityGlobals) = postSolution
		SolutionGuid = {7E400036-E1C0-4955-824C-4BC7906DF574}
	EndGlobalSection
EndGlobal
