
Microsoft Visual Studio Solution File, Format Version 12.00
# Visual Studio Version 16
VisualStudioVersion = 16.0.29403.142
MinimumVisualStudioVersion = 10.0.40219.1
Project("{FAE04EC0-301F-11D3-BF4B-00C04F79EFBC}") = "ZOUX", "ZOUX.csproj", "{28BC9DE5-87CB-4921-8FB5-06A8A8ED4F95}"
EndProject
Global
	GlobalSection(SolutionConfigurationPlatforms) = preSolution
		Debug|Any CPU = Debug|Any CPU
		Release|Any CPU = Release|Any CPU
	EndGlobalSection
	GlobalSection(ProjectConfigurationPlatforms) = postSolution
		{28BC9DE5-87CB-4921-8FB5-06A8A8ED4F95}.Debug|Any CPU.ActiveCfg = Debug|Any CPU
		{28BC9DE5-87CB-4921-8FB5-06A8A8ED4F95}.Debug|Any CPU.Build.0 = Debug|Any CPU
		{28BC9DE5-87CB-4921-8FB5-06A8A8ED4F95}.Release|Any CPU.ActiveCfg = Release|Any CPU
		{28BC9DE5-87CB-4921-8FB5-06A8A8ED4F95}.Release|Any CPU.Build.0 = Release|Any CPU
	EndGlobalSection
	GlobalSection(SolutionProperties) = preSolution
		HideSolutionNode = FALSE
	EndGlobalSection
	GlobalSection(ExtensibilityGlobals) = postSolution
		SolutionGuid = {DFD968C3-46DD-4A89-B2A5-4FA05FF9D986}
	EndGlobalSection
EndGlobal

